
Microsoft Visual Studio Solution File, Format Version 12.00
# Visual Studio Version 17
VisualStudioVersion = 17.8.34330.188
MinimumVisualStudioVersion = 10.0.40219.1
Project("{9A19103F-16F7-4668-BE54-9A1E7A4F7556}") = "AutomobileLibrary", "AutomobileLibrary\AutomobileLibrary.csproj", "{FA46AA4D-5333-4F15-A542-ED28B0D09D23}"
EndProject
Project("{9A19103F-16F7-4668-BE54-9A1E7A4F7556}") = "AutomobileWPFApp", "AutomobileWPFApp\AutomobileWPFApp.csproj", "{788D7178-E433-422F-AEA9-2268A602CE05}"
EndProject
Global
	GlobalSection(SolutionConfigurationPlatforms) = preSolution
		Debug|Any CPU = Debug|Any CPU
		Release|Any CPU = Release|Any CPU
	EndGlobalSection
	GlobalSection(ProjectConfigurationPlatforms) = postSolution
		{FA46AA4D-5333-4F15-A542-ED28B0D09D23}.Debug|Any CPU.ActiveCfg = Debug|Any CPU
		{FA46AA4D-5333-4F15-A542-ED28B0D09D23}.Debug|Any CPU.Build.0 = Debug|Any CPU
		{FA46AA4D-5333-4F15-A542-ED28B0D09D23}.Release|Any CPU.ActiveCfg = Release|Any CPU
		{FA46AA4D-5333-4F15-A542-ED28B0D09D23}.Release|Any CPU.Build.0 = Release|Any CPU
		{788D7178-E433-422F-AEA9-2268A602CE05}.Debug|Any CPU.ActiveCfg = Debug|Any CPU
		{788D7178-E433-422F-AEA9-2268A602CE05}.Debug|Any CPU.Build.0 = Debug|Any CPU
		{788D7178-E433-422F-AEA9-2268A602CE05}.Release|Any CPU.ActiveCfg = Release|Any CPU
		{788D7178-E433-422F-AEA9-2268A602CE05}.Release|Any CPU.Build.0 = Release|Any CPU
	EndGlobalSection
	GlobalSection(SolutionProperties) = preSolution
		HideSolutionNode = FALSE
	EndGlobalSection
	GlobalSection(ExtensibilityGlobals) = postSolution
		SolutionGuid = {FE6E9AE0-DE5E-4341-86E5-ECB8A3A4C219}
	EndGlobalSection
EndGlobal
